# This file was autogenerated by Stack.
# You should not edit this file by hand.
# For more information, please see the documentation at:
#   https://docs.haskellstack.org/en/stable/lock_files

packages:
- completed:
    hackage: ioctl-0.0.1@sha256:5861ee9cdf3a2159fce85e3f9213b99bbbb0132e0ff85af7fc23df5215bd2096,982
    pantry-tree:
      size: 355
      sha256: 42e51444f4ff5035d138e3ad51ded3b161681a0423185153e6a5c622cb116964
  original:
    hackage: ioctl-0.0.1@sha256:5861ee9cdf3a2159fce85e3f9213b99bbbb0132e0ff85af7fc23df5215bd2096,982
- completed:
    hackage: network-2.8.0.1@sha256:0f165dffa752d8cde30c2bde86f80609c4f1dc5eeb3182d593041f97839c5b3b,3011
    pantry-tree:
      size: 2488
      sha256: 2dbdda2225969dcd452d983a2ac7e52341e5fc1df76103342c9fac08fc686931
  original:
    hackage: network-2.8.0.1@sha256:0f165dffa752d8cde30c2bde86f80609c4f1dc5eeb3182d593041f97839c5b3b,3011
snapshots:
- completed:
    size: 619158
    url: https://raw.githubusercontent.com/commercialhaskell/stackage-snapshots/master/lts/19/12.yaml
    sha256: d4d7a4ac80485f3c21d0c6bfe5e7a21c3f71ca4fdfea022f98574047ebb58ebb
  original:
    url: https://raw.githubusercontent.com/commercialhaskell/stackage-snapshots/master/lts/19/12.yaml
